
Microsoft Visual Studio Solution File, Format Version 12.00
# Visual Studio Version 16
VisualStudioVersion = 16.0.30523.141
MinimumVisualStudioVersion = 10.0.40219.1
Project("{FAE04EC0-301F-11D3-BF4B-00C04F79EFBC}") = "test 2_2", "test 2_2\test 2_2.csproj", "{45C9AEDC-E932-4EC5-B03D-06F18F6CAD38}"
EndProject
Global
	GlobalSection(SolutionConfigurationPlatforms) = preSolution
		Debug|Any CPU = Debug|Any CPU
		Release|Any CPU = Release|Any CPU
	EndGlobalSection
	GlobalSection(ProjectConfigurationPlatforms) = postSolution
		{45C9AEDC-E932-4EC5-B03D-06F18F6CAD38}.Debug|Any CPU.ActiveCfg = Debug|Any CPU
		{45C9AEDC-E932-4EC5-B03D-06F18F6CAD38}.Debug|Any CPU.Build.0 = Debug|Any CPU
		{45C9AEDC-E932-4EC5-B03D-06F18F6CAD38}.Release|Any CPU.ActiveCfg = Release|Any CPU
		{45C9AEDC-E932-4EC5-B03D-06F18F6CAD38}.Release|Any CPU.Build.0 = Release|Any CPU
	EndGlobalSection
	GlobalSection(SolutionProperties) = preSolution
		HideSolutionNode = FALSE
	EndGlobalSection
	GlobalSection(ExtensibilityGlobals) = postSolution
		SolutionGuid = {0C02A965-5150-4BAE-8DD0-A1C53F532EE0}
	EndGlobalSection
EndGlobal
